
Microsoft Visual Studio Solution File, Format Version 12.00
# Visual Studio Version 16
VisualStudioVersion = 16.0.30320.27
MinimumVisualStudioVersion = 10.0.40219.1
Project("{FAE04EC0-301F-11D3-BF4B-00C04F79EFBC}") = "EFEnhancer", "EFEnhancer\EFEnhancer.csproj", "{C26E0DDC-D156-41EA-BE31-DAE19C7209BA}"
EndProject
Global
	GlobalSection(SolutionConfigurationPlatforms) = preSolution
		Debug|Any CPU = Debug|Any CPU
		Release|Any CPU = Release|Any CPU
	EndGlobalSection
	GlobalSection(ProjectConfigurationPlatforms) = postSolution
		{C26E0DDC-D156-41EA-BE31-DAE19C7209BA}.Debug|Any CPU.ActiveCfg = Debug|Any CPU
		{C26E0DDC-D156-41EA-BE31-DAE19C7209BA}.Debug|Any CPU.Build.0 = Debug|Any CPU
		{C26E0DDC-D156-41EA-BE31-DAE19C7209BA}.Release|Any CPU.ActiveCfg = Release|Any CPU
		{C26E0DDC-D156-41EA-BE31-DAE19C7209BA}.Release|Any CPU.Build.0 = Release|Any CPU
	EndGlobalSection
	GlobalSection(SolutionProperties) = preSolution
		HideSolutionNode = FALSE
	EndGlobalSection
	GlobalSection(ExtensibilityGlobals) = postSolution
		SolutionGuid = {362D167E-C246-463C-9A98-FD06649FC078}
	EndGlobalSection
EndGlobal
